
Microsoft Visual Studio Solution File, Format Version 12.00
# Visual Studio Version 16
VisualStudioVersion = 16.0.29201.188
MinimumVisualStudioVersion = 10.0.40219.1
Project("{9A19103F-16F7-4668-BE54-9A1E7A4F7556}") = "DapperTutorial", "DapperTutorial\DapperTutorial.csproj", "{16169FB9-AF20-4196-9236-296326A2FDCF}"
EndProject
Project("{9A19103F-16F7-4668-BE54-9A1E7A4F7556}") = "DapperCrud", "DapperCrud\DapperCrud.csproj", "{07FF5164-B5A3-4F56-B0C3-A002749B17E8}"
EndProject
Project("{9A19103F-16F7-4668-BE54-9A1E7A4F7556}") = "DapperMid", "DapperMid\DapperMid.csproj", "{FA1810CC-FF8F-487F-B65C-83FC90E156A3}"
EndProject
Global
	GlobalSection(SolutionConfigurationPlatforms) = preSolution
		Debug|Any CPU = Debug|Any CPU
		Release|Any CPU = Release|Any CPU
	EndGlobalSection
	GlobalSection(ProjectConfigurationPlatforms) = postSolution
		{16169FB9-AF20-4196-9236-296326A2FDCF}.Debug|Any CPU.ActiveCfg = Debug|Any CPU
		{16169FB9-AF20-4196-9236-296326A2FDCF}.Debug|Any CPU.Build.0 = Debug|Any CPU
		{16169FB9-AF20-4196-9236-296326A2FDCF}.Release|Any CPU.ActiveCfg = Release|Any CPU
		{16169FB9-AF20-4196-9236-296326A2FDCF}.Release|Any CPU.Build.0 = Release|Any CPU
		{07FF5164-B5A3-4F56-B0C3-A002749B17E8}.Debug|Any CPU.ActiveCfg = Debug|Any CPU
		{07FF5164-B5A3-4F56-B0C3-A002749B17E8}.Debug|Any CPU.Build.0 = Debug|Any CPU
		{07FF5164-B5A3-4F56-B0C3-A002749B17E8}.Release|Any CPU.ActiveCfg = Release|Any CPU
		{07FF5164-B5A3-4F56-B0C3-A002749B17E8}.Release|Any CPU.Build.0 = Release|Any CPU
		{FA1810CC-FF8F-487F-B65C-83FC90E156A3}.Debug|Any CPU.ActiveCfg = Debug|Any CPU
		{FA1810CC-FF8F-487F-B65C-83FC90E156A3}.Debug|Any CPU.Build.0 = Debug|Any CPU
		{FA1810CC-FF8F-487F-B65C-83FC90E156A3}.Release|Any CPU.ActiveCfg = Release|Any CPU
		{FA1810CC-FF8F-487F-B65C-83FC90E156A3}.Release|Any CPU.Build.0 = Release|Any CPU
	EndGlobalSection
	GlobalSection(SolutionProperties) = preSolution
		HideSolutionNode = FALSE
	EndGlobalSection
	GlobalSection(ExtensibilityGlobals) = postSolution
		SolutionGuid = {C2BB7112-95C5-47A1-9009-1CAB0B1DC57C}
	EndGlobalSection
EndGlobal
